# This file is automatically @generated by Cargo.
# It is not intended for manual editing.
version = 4

[[package]]
name = "atrament_application_operation_lifecycle"
version = "0.1.0"

[[package]]
name = "atrament_autonomous_application_capability_progress_projection"
version = "0.1.0"
dependencies = [
 "atrament_autonomous_progress_evidence",
 "atrament_semantic_notebook_port",
]

[[package]]
name = "atrament_autonomous_budget_admission"
version = "0.1.0"

[[package]]
name = "atrament_autonomous_budget_stop_projection"
version = "0.1.0"
dependencies = [
 "atrament_autonomous_budget_admission",
 "atrament_autonomous_goal_outcome",
]

[[package]]
name = "atrament_autonomous_completion_admission"
version = "0.1.0"
dependencies = [
 "atrament_autonomous_goal_outcome",
]

[[package]]
name = "atrament_autonomous_derived_output_guidance"
version = "0.1.0"
dependencies = [
 "atrament_derived_output_result",
]

[[package]]
name = "atrament_autonomous_goal_outcome"
version = "0.1.0"

[[package]]
name = "atrament_autonomous_history_boundary_control"
version = "0.1.0"
dependencies = [
 "atrament_semantic_notebook_port",
]

[[package]]
name = "atrament_autonomous_history_guidance"
version = "0.1.0"
dependencies = [
 "atrament_semantic_history_result",
]

[[package]]
name = "atrament_autonomous_history_progress_projection"
version = "0.1.0"
dependencies = [
 "atrament_autonomous_progress_evidence",
 "atrament_semantic_history_result",
]

[[package]]
name = "atrament_autonomous_no_op_completion_projection"
version = "0.1.0"
dependencies = [
 "atrament_autonomous_completion_admission",
 "atrament_autonomous_goal_outcome",
 "atrament_semantic_notebook_port",
]

[[package]]
name = "atrament_autonomous_output_completion_projection"
version = "0.1.0"
dependencies = [
 "atrament_autonomous_completion_admission",
 "atrament_derived_output_result",
]

[[package]]
name = "atrament_autonomous_output_intent"
version = "0.1.0"

[[package]]
name = "atrament_autonomous_output_progress_projection"
version = "0.1.0"
dependencies = [
 "atrament_autonomous_output_intent",
 "atrament_autonomous_progress_evidence",
 "atrament_derived_output_result",
]

[[package]]
name = "atrament_autonomous_physical_boundary"
version = "0.1.0"

[[package]]
name = "atrament_autonomous_progress_evidence"
version = "0.1.0"

[[package]]
name = "atrament_autonomous_refresh_completion_projection"
version = "0.1.0"
dependencies = [
 "atrament_autonomous_completion_admission",
 "atrament_autonomous_goal_outcome",
 "atrament_semantic_notebook_port",
]

[[package]]
name = "atrament_autonomous_repeated_input_progress_projection"
version = "0.1.0"
dependencies = [
 "atrament_autonomous_progress_evidence",
]

[[package]]
name = "atrament_autonomous_repeated_no_op_control"
version = "0.1.0"
dependencies = [
 "atrament_autonomous_progress_evidence",
]

[[package]]
name = "atrament_autonomous_semantic_command_guidance"
version = "0.1.0"
dependencies = [
 "atrament_semantic_notebook_port",
]

[[package]]
name = "atrament_autonomous_semantic_progress_projection"
version = "0.1.0"
dependencies = [
 "atrament_autonomous_progress_evidence",
 "atrament_semantic_notebook_port",
]

[[package]]
name = "atrament_autonomous_session_boundary"
version = "0.1.0"

[[package]]
name = "atrament_autonomous_stable_blocking_stop_projection"
version = "0.1.0"
dependencies = [
 "atrament_autonomous_goal_outcome",
 "atrament_autonomous_progress_evidence",
]

[[package]]
name = "atrament_autonomous_unresolved_stop_projection"
version = "0.1.0"
dependencies = [
 "atrament_autonomous_goal_outcome",
 "atrament_semantic_notebook_port",
]

[[package]]
name = "atrament_browser_launch"
version = "0.1.0"

[[package]]
name = "atrament_citation_review_linkage"
version = "0.1.0"
dependencies = [
 "atrament_semantic_notebook",
]

[[package]]
name = "atrament_clipboard_intake_evidence"
version = "0.1.0"

[[package]]
name = "atrament_derived_output_result"
version = "0.1.0"

[[package]]
name = "atrament_device_coordinate_calibration"
version = "0.1.0"

[[package]]
name = "atrament_device_neutral_motion_plan"
version = "0.1.0"

[[package]]
name = "atrament_diagnostic"
version = "0.1.0"

[[package]]
name = "atrament_digital_paper_note_plan"
version = "0.1.0"

[[package]]
name = "atrament_educational_coverage_evidence"
version = "0.1.0"

[[package]]
name = "atrament_english_spanish_corpus_evidence"
version = "0.1.0"

[[package]]
name = "atrament_english_spanish_corpus_fixture"
version = "0.1.0"
dependencies = [
 "atrament_english_spanish_corpus_evidence",
 "atrament_english_spanish_grapheme_inventory",
]

[[package]]
name = "atrament_english_spanish_diacritic_rule"
version = "0.1.0"

[[package]]
name = "atrament_english_spanish_grapheme_inventory"
version = "0.1.0"

[[package]]
name = "atrament_export_layout_preflight"
version = "0.1.0"
dependencies = [
 "atrament_diagnostic",
 "atrament_semantic_notebook",
]

[[package]]
name = "atrament_fixed_region_bounds"
version = "0.1.0"
dependencies = [
 "atrament_physical_page_profile",
]

[[package]]
name = "atrament_flow_pagination"
version = "0.1.0"
dependencies = [
 "atrament_physical_page_profile",
]

[[package]]
name = "atrament_handwriting_calibration_evidence"
version = "0.1.0"

[[package]]
name = "atrament_handwriting_calibration_session"
version = "0.1.0"

[[package]]
name = "atrament_handwriting_capture_geometry_evidence"
version = "0.1.0"

[[package]]
name = "atrament_handwriting_contextual_stroke_candidates"
version = "0.1.0"

[[package]]
name = "atrament_handwriting_diacritic_composition"
version = "0.1.0"
dependencies = [
 "atrament_handwriting_glyph_coverage",
]

[[package]]
name = "atrament_handwriting_fallback_admission"
version = "0.1.0"
dependencies = [
 "atrament_handwriting_glyph_coverage",
]

[[package]]
name = "atrament_handwriting_glyph_coverage"
version = "0.1.0"

[[package]]
name = "atrament_handwriting_profile_container"
version = "0.1.0"

[[package]]
name = "atrament_handwriting_role_profile"
version = "0.1.0"

[[package]]
name = "atrament_handwriting_stroke_plan"
version = "0.1.0"

[[package]]
name = "atrament_handwriting_stroke_vocabulary"
version = "0.1.0"

[[package]]
name = "atrament_handwriting_variation"
version = "0.1.0"

[[package]]
name = "atrament_handwriting_variation_quality_evidence"
version = "0.1.0"

[[package]]
name = "atrament_image_placement_intent"
version = "0.1.0"

[[package]]
name = "atrament_line_art_extraction"
version = "0.1.0"

[[package]]
name = "atrament_material_layer_plan"
version = "0.1.0"

[[package]]
name = "atrament_mathematics_source"
version = "0.1.0"

[[package]]
name = "atrament_mcp_capability_effect"
version = "0.1.0"

[[package]]
name = "atrament_mcp_derived_output_result_projection"
version = "0.1.0"
dependencies = [
 "atrament_derived_output_result",
 "atrament_mcp_capability_effect",
]

[[package]]
name = "atrament_mcp_effect_admission"
version = "0.1.0"
dependencies = [
 "atrament_mcp_capability_effect",
]

[[package]]
name = "atrament_mcp_history_result_projection"
version = "0.1.0"
dependencies = [
 "atrament_mcp_capability_effect",
 "atrament_semantic_history_result",
 "atrament_semantic_notebook_port",
]

[[package]]
name = "atrament_mcp_operation_lifecycle_projection"
version = "0.1.0"
dependencies = [
 "atrament_application_operation_lifecycle",
 "atrament_mcp_capability_effect",
]

[[package]]
name = "atrament_mcp_semantic_command_admission_projection"
version = "0.1.0"
dependencies = [
 "atrament_mcp_capability_effect",
 "atrament_mcp_effect_admission",
 "atrament_semantic_command_context",
 "atrament_semantic_notebook_port",
]

[[package]]
name = "atrament_media_job_lifecycle"
version = "0.1.0"

[[package]]
name = "atrament_media_job_session"
version = "0.1.0"
dependencies = [
 "atrament_media_job_lifecycle",
]

[[package]]
name = "atrament_motion_path_order_constraints"
version = "0.1.0"

[[package]]
name = "atrament_motion_plan_dry_run"
version = "0.1.0"
dependencies = [
 "atrament_device_coordinate_calibration",
 "atrament_device_neutral_motion_plan",
]

[[package]]
name = "atrament_motion_plan_simulation_trace"
version = "0.1.0"
dependencies = [
 "atrament_motion_plan_dry_run",
]

[[package]]
name = "atrament_one_shot_formatting_prompt"
version = "0.1.0"

[[package]]
name = "atrament_output_capability_matrix"
version = "0.1.0"

[[package]]
name = "atrament_output_capability_projection"
version = "0.1.0"
dependencies = [
 "atrament_output_capability_matrix",
]

[[package]]
name = "atrament_page_texture_plan"
version = "0.1.0"
dependencies = [
 "atrament_material_layer_plan",
]

[[package]]
name = "atrament_paper_mark_geometry"
version = "0.1.0"
dependencies = [
 "atrament_physical_page_profile",
]

[[package]]
name = "atrament_pdf_composition_plan"
version = "0.1.0"

[[package]]
name = "atrament_pen_contact_model"
version = "0.1.0"

[[package]]
name = "atrament_physical_compatibility_ledger"
version = "0.1.0"

[[package]]
name = "atrament_physical_page_profile"
version = "0.1.0"

[[package]]
name = "atrament_physical_recovery_state"
version = "0.1.0"

[[package]]
name = "atrament_print_scan_measurement"
version = "0.1.0"

[[package]]
name = "atrament_render_manifest"
version = "0.1.0"

[[package]]
name = "atrament_render_performance_evidence"
version = "0.1.0"
dependencies = [
 "atrament_render_quality_profile",
]

[[package]]
name = "atrament_render_quality_profile"
version = "0.1.0"

[[package]]
name = "atrament_render_regression_evidence"
version = "0.1.0"

[[package]]
name = "atrament_runtime_bootstrap"
version = "0.1.0"
dependencies = [
 "atrament_browser_launch",
 "atrament_session_application",
 "atrament_session_handshake",
 "atrament_session_runtime",
 "atrament_session_secret",
]

[[package]]
name = "atrament_semantic_command_context"
version = "0.1.0"
dependencies = [
 "atrament_semantic_notebook_port",
]

[[package]]
name = "atrament_semantic_command_graph"
version = "0.1.0"

[[package]]
name = "atrament_semantic_command_result"
version = "0.1.0"
dependencies = [
 "atrament_semantic_notebook_port",
]

[[package]]
name = "atrament_semantic_fixed_region_layout"
version = "0.1.0"
dependencies = [
 "atrament_diagnostic",
 "atrament_fixed_region_bounds",
 "atrament_physical_page_profile",
 "atrament_semantic_notebook",
]

[[package]]
name = "atrament_semantic_flow_pagination"
version = "0.1.0"
dependencies = [
 "atrament_flow_pagination",
 "atrament_semantic_notebook",
]

[[package]]
name = "atrament_semantic_history_result"
version = "0.1.0"
dependencies = [
 "atrament_semantic_notebook_port",
]

[[package]]
name = "atrament_semantic_notebook"
version = "0.1.0"
dependencies = [
 "atrament_mathematics_source",
 "atrament_physical_page_profile",
]

[[package]]
name = "atrament_semantic_notebook_port"
version = "0.1.0"
dependencies = [
 "atrament_semantic_command_graph",
 "atrament_semantic_notebook",
]

[[package]]
name = "atrament_semantic_notebook_session"
version = "0.1.0"
dependencies = [
 "atrament_mathematics_source",
 "atrament_semantic_command_graph",
 "atrament_semantic_notebook",
 "atrament_semantic_notebook_port",
]

[[package]]
name = "atrament_session_application"
version = "0.1.0"
dependencies = [
 "atrament_export_layout_preflight",
 "atrament_media_job_session",
 "atrament_semantic_fixed_region_layout",
 "atrament_semantic_flow_pagination",
 "atrament_semantic_history_result",
 "atrament_semantic_notebook",
 "atrament_semantic_notebook_port",
 "atrament_semantic_notebook_session",
 "atrament_session_draft",
 "atrament_session_draft_port",
 "atrament_unicode_grapheme_boundary_port",
 "atrament_unicode_grapheme_edit",
]

[[package]]
name = "atrament_session_draft"
version = "0.1.0"
dependencies = [
 "atrament_diagnostic",
 "atrament_session_draft_port",
]

[[package]]
name = "atrament_session_draft_port"
version = "0.1.0"
dependencies = [
 "atrament_diagnostic",
]

[[package]]
name = "atrament_session_handshake"
version = "0.1.0"
dependencies = [
 "atrament_diagnostic",
 "atrament_handwriting_profile_container",
 "atrament_one_shot_formatting_prompt",
 "atrament_session_handshake_port",
]

[[package]]
name = "atrament_session_handshake_port"
version = "0.1.0"
dependencies = [
 "atrament_diagnostic",
]

[[package]]
name = "atrament_session_runtime"
version = "0.1.0"
dependencies = [
 "atrament_diagnostic",
 "atrament_session_draft_port",
 "atrament_session_handshake_port",
]

[[package]]
name = "atrament_session_secret"
version = "0.1.0"
dependencies = [
 "getrandom",
]

[[package]]
name = "atrament_theme_safe_title_plan"
version = "0.1.0"

[[package]]
name = "atrament_transcript_evidence"
version = "0.1.0"

[[package]]
name = "atrament_transcript_structure"
version = "0.1.0"
dependencies = [
 "atrament_transcript_evidence",
]

[[package]]
name = "atrament_unicode_grapheme_boundary_port"
version = "0.1.0"

[[package]]
name = "atrament_unicode_grapheme_edit"
version = "0.1.0"
dependencies = [
 "atrament_unicode_grapheme_boundary_port",
]

[[package]]
name = "atrament_unicode_grapheme_segmentation"
version = "0.1.0"
dependencies = [
 "atrament_unicode_grapheme_boundary_port",
 "unicode-segmentation",
]

[[package]]
name = "atrament_vector_geometry"
version = "0.1.0"

[[package]]
name = "cfg-if"
version = "1.0.4"
source = "registry+https://github.com/rust-lang/crates.io-index"
checksum = "9330f8b2ff13f34540b44e946ef35111825727b38d33286ef986142615121801"

[[package]]
name = "getrandom"
version = "0.4.3"
source = "registry+https://github.com/rust-lang/crates.io-index"
checksum = "300e883d756b2e4ec94e02791f39b04b522276138852cfc41d9fb7e904106099"
dependencies = [
 "cfg-if",
 "libc",
 "r-efi",
]

[[package]]
name = "libc"
version = "0.2.189"
source = "registry+https://github.com/rust-lang/crates.io-index"
checksum = "3eaf3ede3fee6db1a4c2ee091bf8a8b4dccdc6d17f656fb07896ee72867612f2"

[[package]]
name = "r-efi"
version = "6.0.0"
source = "registry+https://github.com/rust-lang/crates.io-index"
checksum = "f8dcc9c7d52a811697d2151c701e0d08956f92b0e24136cf4cf27b57a6a0d9bf"

[[package]]
name = "unicode-segmentation"
version = "1.13.3"
source = "registry+https://github.com/rust-lang/crates.io-index"
checksum = "c6f5d3c3b1bf09027a88a6bc961fc00497d651009560b5463668dc81b0fa87a8"
