# This file is automatically @generated by Cargo.
# It is not intended for manual editing.
version = 4

[[package]]
name = "atrament_browser_launch"
version = "0.1.0"

[[package]]
name = "atrament_diagnostic"
version = "0.1.0"

[[package]]
name = "atrament_export_layout_preflight"
version = "0.1.0"
dependencies = [
 "atrament_diagnostic",
 "atrament_semantic_notebook",
]

[[package]]
name = "atrament_fixed_region_bounds"
version = "0.1.0"
dependencies = [
 "atrament_physical_page_profile",
]

[[package]]
name = "atrament_flow_pagination"
version = "0.1.0"
dependencies = [
 "atrament_physical_page_profile",
]

[[package]]
name = "atrament_mathematics_source"
version = "0.1.0"

[[package]]
name = "atrament_paper_mark_geometry"
version = "0.1.0"
dependencies = [
 "atrament_physical_page_profile",
]

[[package]]
name = "atrament_physical_page_profile"
version = "0.1.0"

[[package]]
name = "atrament_runtime_bootstrap"
version = "0.1.0"
dependencies = [
 "atrament_browser_launch",
 "atrament_session_application",
 "atrament_session_handshake",
 "atrament_session_runtime",
 "atrament_session_secret",
]

[[package]]
name = "atrament_semantic_command_graph"
version = "0.1.0"

[[package]]
name = "atrament_semantic_fixed_region_layout"
version = "0.1.0"
dependencies = [
 "atrament_diagnostic",
 "atrament_fixed_region_bounds",
 "atrament_physical_page_profile",
 "atrament_semantic_notebook",
]

[[package]]
name = "atrament_semantic_flow_pagination"
version = "0.1.0"
dependencies = [
 "atrament_flow_pagination",
 "atrament_semantic_notebook",
]

[[package]]
name = "atrament_semantic_notebook"
version = "0.1.0"
dependencies = [
 "atrament_mathematics_source",
 "atrament_physical_page_profile",
]

[[package]]
name = "atrament_semantic_notebook_port"
version = "0.1.0"
dependencies = [
 "atrament_semantic_command_graph",
 "atrament_semantic_notebook",
]

[[package]]
name = "atrament_semantic_notebook_session"
version = "0.1.0"
dependencies = [
 "atrament_mathematics_source",
 "atrament_semantic_command_graph",
 "atrament_semantic_notebook",
 "atrament_semantic_notebook_port",
]

[[package]]
name = "atrament_session_application"
version = "0.1.0"
dependencies = [
 "atrament_semantic_fixed_region_layout",
 "atrament_semantic_flow_pagination",
 "atrament_semantic_notebook",
 "atrament_semantic_notebook_port",
 "atrament_semantic_notebook_session",
 "atrament_session_draft",
 "atrament_session_draft_port",
]

[[package]]
name = "atrament_session_draft"
version = "0.1.0"
dependencies = [
 "atrament_diagnostic",
 "atrament_session_draft_port",
]

[[package]]
name = "atrament_session_draft_port"
version = "0.1.0"
dependencies = [
 "atrament_diagnostic",
]

[[package]]
name = "atrament_session_handshake"
version = "0.1.0"
dependencies = [
 "atrament_diagnostic",
 "atrament_session_handshake_port",
]

[[package]]
name = "atrament_session_handshake_port"
version = "0.1.0"
dependencies = [
 "atrament_diagnostic",
]

[[package]]
name = "atrament_session_runtime"
version = "0.1.0"
dependencies = [
 "atrament_diagnostic",
 "atrament_session_draft_port",
 "atrament_session_handshake_port",
]

[[package]]
name = "atrament_session_secret"
version = "0.1.0"
dependencies = [
 "getrandom",
]

[[package]]
name = "cfg-if"
version = "1.0.4"
source = "registry+https://github.com/rust-lang/crates.io-index"
checksum = "9330f8b2ff13f34540b44e946ef35111825727b38d33286ef986142615121801"

[[package]]
name = "getrandom"
version = "0.4.3"
source = "registry+https://github.com/rust-lang/crates.io-index"
checksum = "300e883d756b2e4ec94e02791f39b04b522276138852cfc41d9fb7e904106099"
dependencies = [
 "cfg-if",
 "libc",
 "r-efi",
]

[[package]]
name = "libc"
version = "0.2.189"
source = "registry+https://github.com/rust-lang/crates.io-index"
checksum = "3eaf3ede3fee6db1a4c2ee091bf8a8b4dccdc6d17f656fb07896ee72867612f2"

[[package]]
name = "r-efi"
version = "6.0.0"
source = "registry+https://github.com/rust-lang/crates.io-index"
checksum = "f8dcc9c7d52a811697d2151c701e0d08956f92b0e24136cf4cf27b57a6a0d9bf"
